# Generated by pub
# See https://dart.dev/tools/pub/glossary#lockfile
packages:
  animations:
    dependency: "direct main"
    description:
      name: animations
      sha256: d3d6dcfb218225bbe68e87ccf6378bbb2e32a94900722c5f81611dad089911cb
      url: "https://pub.flutter-io.cn"
    source: hosted
    version: "2.0.11"
  archive:
    dependency: transitive
    description:
      name: archive
      sha256: "22600aa1e926be775fa5fe7e6894e7fb3df9efda8891c73f70fb3262399a432d"
      url: "https://pub.flutter-io.cn"
    source: hosted
    version: "3.4.10"
  args:
    dependency: transitive
    description:
      name: args
      sha256: eef6c46b622e0494a36c5a12d10d77fb4e855501a91c1b9ef9339326e58f0596
      url: "https://pub.flutter-io.cn"
    source: hosted
    version: "2.4.2"
  async:
    dependency: transitive
    description:
      name: async
      sha256: "947bfcf187f74dbc5e146c9eb9c0f10c9f8b30743e341481c1e2ed3ecc18c20c"
      url: "https://pub.flutter-io.cn"
    source: hosted
    version: "2.11.0"
  audio_service:
    dependency: "direct main"
    description:
      name: audio_service
      sha256: a4d989f1225ea9621898d60f23236dcbfc04876fa316086c23c5c4af075dbac4
      url: "https://pub.flutter-io.cn"
    source: hosted
    version: "0.18.12"
  audio_service_platform_interface:
    dependency: transitive
    description:
      name: audio_service_platform_interface
      sha256: "8431a455dac9916cc9ee6f7da5620a666436345c906ad2ebb7fa41d18b3c1bf4"
      url: "https://pub.flutter-io.cn"
    source: hosted
    version: "0.1.1"
  audio_service_web:
    dependency: transitive
    description:
      name: audio_service_web
      sha256: "523e64ddc914c714d53eec2da85bba1074f08cf26c786d4efb322de510815ea7"
      url: "https://pub.flutter-io.cn"
    source: hosted
    version: "0.1.1"
  audio_session:
    dependency: "direct main"
    description:
      name: audio_session
      sha256: "6fdf255ed3af86535c96452c33ecff1245990bb25a605bfb1958661ccc3d467f"
      url: "https://pub.flutter-io.cn"
    source: hosted
    version: "0.1.18"
  audio_video_progress_bar:
    dependency: "direct main"
    description:
      name: audio_video_progress_bar
      sha256: "3384875247cdbea748bd9ae8330631cd06a6cabfcda4945d45c9b406da92bc66"
      url: "https://pub.flutter-io.cn"
    source: hosted
    version: "2.0.1"
  auto_orientation:
    dependency: "direct main"
    description:
      name: auto_orientation
      sha256: cd56bb59b36fa54cc28ee254bc600524f022a4862f31d5ab20abd7bb1c54e678
      url: "https://pub.flutter-io.cn"
    source: hosted
    version: "2.3.1"
  auto_size_text:
    dependency: "direct main"
    description:
      name: auto_size_text
      sha256: "3f5261cd3fb5f2a9ab4e2fc3fba84fd9fcaac8821f20a1d4e71f557521b22599"
      url: "https://pub.flutter-io.cn"
    source: hosted
    version: "3.0.0"
  boolean_selector:
    dependency: transitive
    description:
      name: boolean_selector
      sha256: "6cfb5af12253eaf2b368f07bacc5a80d1301a071c73360d746b7f2e32d762c66"
      url: "https://pub.flutter-io.cn"
    source: hosted
    version: "2.1.1"
  cached_network_image:
    dependency: "direct main"
    description:
      name: cached_network_image
      sha256: "28ea9690a8207179c319965c13cd8df184d5ee721ae2ce60f398ced1219cea1f"
      url: "https://pub.flutter-io.cn"
    source: hosted
    version: "3.3.1"
  cached_network_image_platform_interface:
    dependency: transitive
    description:
      name: cached_network_image_platform_interface
      sha256: "9e90e78ae72caa874a323d78fa6301b3fb8fa7ea76a8f96dc5b5bf79f283bf2f"
      url: "https://pub.flutter-io.cn"
    source: hosted
    version: "4.0.0"
  cached_network_image_web:
    dependency: transitive
    description:
      name: cached_network_image_web
      sha256: "42a835caa27c220d1294311ac409a43361088625a4f23c820b006dd9bffb3316"
      url: "https://pub.flutter-io.cn"
    source: hosted
    version: "1.1.1"
  characters:
    dependency: transitive
    description:
      name: characters
      sha256: "04a925763edad70e8443c99234dc3328f442e811f1d8fd1a72f1c8ad0f69a605"
      url: "https://pub.flutter-io.cn"
    source: hosted
    version: "1.3.0"
  checked_yaml:
    dependency: transitive
    description:
      name: checked_yaml
      sha256: feb6bed21949061731a7a75fc5d2aa727cf160b91af9a3e464c5e3a32e28b5ff
      url: "https://pub.flutter-io.cn"
    source: hosted
    version: "2.0.3"
  cli_util:
    dependency: transitive
    description:
      name: cli_util
      sha256: c05b7406fdabc7a49a3929d4af76bcaccbbffcbcdcf185b082e1ae07da323d19
      url: "https://pub.flutter-io.cn"
    source: hosted
    version: "0.4.1"
  clock:
    dependency: transitive
    description:
      name: clock
      sha256: cb6d7f03e1de671e34607e909a7213e31d7752be4fb66a86d29fe1eb14bfb5cf
      url: "https://pub.flutter-io.cn"
    source: hosted
    version: "1.1.1"
  collection:
    dependency: transitive
    description:
      name: collection
      sha256: ee67cb0715911d28db6bf4af1026078bd6f0128b07a5f66fb2ed94ec6783c09a
      url: "https://pub.flutter-io.cn"
    source: hosted
    version: "1.18.0"
  convert:
    dependency: transitive
    description:
      name: convert
      sha256: "0f08b14755d163f6e2134cb58222dd25ea2a2ee8a195e53983d57c075324d592"
      url: "https://pub.flutter-io.cn"
    source: hosted
    version: "3.1.1"
  cross_file:
    dependency: transitive
    description:
      name: cross_file
      sha256: fedaadfa3a6996f75211d835aaeb8fede285dae94262485698afd832371b9a5e
      url: "https://pub.flutter-io.cn"
    source: hosted
    version: "0.3.3+8"
  crypto:
    dependency: "direct main"
    description:
      name: crypto
      sha256: ff625774173754681d66daaf4a448684fb04b78f902da9cb3d308c19cc5e8bab
      url: "https://pub.flutter-io.cn"
    source: hosted
    version: "3.0.3"
  csv:
    dependency: transitive
    description:
      name: csv
      sha256: "63ed2871dd6471193dffc52c0e6c76fb86269c00244d244297abbb355c84a86e"
      url: "https://pub.flutter-io.cn"
    source: hosted
    version: "5.1.1"
  dbus:
    dependency: transitive
    description:
      name: dbus
      sha256: "365c771ac3b0e58845f39ec6deebc76e3276aa9922b0cc60840712094d9047ac"
      url: "https://pub.flutter-io.cn"
    source: hosted
    version: "0.7.10"
  device_info_plus:
    dependency: "direct main"
    description:
      name: device_info_plus
      sha256: "0042cb3b2a76413ea5f8a2b40cec2a33e01d0c937e91f0f7c211fde4f7739ba6"
      url: "https://pub.flutter-io.cn"
    source: hosted
    version: "9.1.1"
  device_info_plus_platform_interface:
    dependency: transitive
    description:
      name: device_info_plus_platform_interface
      sha256: d3b01d5868b50ae571cd1dc6e502fc94d956b665756180f7b16ead09e836fd64
      url: "https://pub.flutter-io.cn"
    source: hosted
    version: "7.0.0"
  dio:
    dependency: "direct main"
    description:
      name: dio
      sha256: "797e1e341c3dd2f69f2dad42564a6feff3bfb87187d05abb93b9609e6f1645c3"
      url: "https://pub.flutter-io.cn"
    source: hosted
    version: "5.4.0"
  dynamic_color:
    dependency: "direct main"
    description:
      name: dynamic_color
      sha256: a866f1f8947bfdaf674d7928e769eac7230388a2e7a2542824fad4bb5b87be3b
      url: "https://pub.flutter-io.cn"
    source: hosted
    version: "1.6.9"
  easy_debounce:
    dependency: "direct main"
    description:
      name: easy_debounce
      sha256: f082609cfb8f37defb9e37fc28bc978c6712dedf08d4c5a26f820fa10165a236
      url: "https://pub.flutter-io.cn"
    source: hosted
    version: "2.0.3"
  easy_refresh:
    dependency: "direct main"
    description:
      name: easy_refresh
      sha256: f36324c7f50291f85085bd64b39abe6b63909481bfa527f9c654d17ef172de30
      url: "https://pub.flutter-io.cn"
    source: hosted
    version: "3.3.4"
  fake_async:
    dependency: transitive
    description:
      name: fake_async
      sha256: "511392330127add0b769b75a987850d136345d9227c6b94c96a04cf4a391bf78"
      url: "https://pub.flutter-io.cn"
    source: hosted
    version: "1.3.1"
  ffi:
    dependency: transitive
    description:
      name: ffi
      sha256: "7bf0adc28a23d395f19f3f1eb21dd7cfd1dd9f8e1c50051c069122e6853bc878"
      url: "https://pub.flutter-io.cn"
    source: hosted
    version: "2.1.0"
  file:
    dependency: transitive
    description:
      name: file
      sha256: "5fc22d7c25582e38ad9a8515372cd9a93834027aacf1801cf01164dac0ffa08c"
      url: "https://pub.flutter-io.cn"
    source: hosted
    version: "7.0.0"
  fixnum:
    dependency: transitive
    description:
      name: fixnum
      sha256: "25517a4deb0c03aa0f32fd12db525856438902d9c16536311e76cdc57b31d7d1"
      url: "https://pub.flutter-io.cn"
    source: hosted
    version: "1.1.0"
  floating:
    dependency: "direct main"
    description:
      name: floating
      sha256: d9d563089e34fbd714ffdcdd2df447ec41b40c9226dacae6b4f78847aef8b991
      url: "https://pub.flutter-io.cn"
    source: hosted
    version: "2.0.1"
  flutter:
    dependency: "direct main"
    description: flutter
    source: sdk
    version: "0.0.0"
  flutter_cache_manager:
    dependency: transitive
    description:
      name: flutter_cache_manager
      sha256: "8207f27539deb83732fdda03e259349046a39a4c767269285f449ade355d54ba"
      url: "https://pub.flutter-io.cn"
    source: hosted
    version: "3.3.1"
  flutter_displaymode:
    dependency: "direct main"
    description:
      name: flutter_displaymode
      sha256: "42c5e9abd13d28ed74f701b60529d7f8416947e58256e6659c5550db719c57ef"
      url: "https://pub.flutter-io.cn"
    source: hosted
    version: "0.6.0"
  flutter_downloader:
    dependency: "direct main"
    description:
      name: flutter_downloader
      sha256: e130001cf85d8d7450b8318a4670c19e495dd8c102ad4b15a512e9405e7c451d
      url: "https://pub.flutter-io.cn"
    source: hosted
    version: "1.11.6"
  flutter_highlight:
    dependency: transitive
    description:
      name: flutter_highlight
      sha256: "7b96333867aa07e122e245c033b8ad622e4e3a42a1a2372cbb098a2541d8782c"
      url: "https://pub.flutter-io.cn"
    source: hosted
    version: "0.7.0"
  flutter_launcher_icons:
    dependency: "direct dev"
    description:
      name: flutter_launcher_icons
      sha256: "526faf84284b86a4cb36d20a5e45147747b7563d921373d4ee0559c54fcdbcea"
      url: "https://pub.flutter-io.cn"
    source: hosted
    version: "0.13.1"
  flutter_lints:
    dependency: "direct dev"
    description:
      name: flutter_lints
      sha256: a25a15ebbdfc33ab1cd26c63a6ee519df92338a9c10f122adda92938253bef04
      url: "https://pub.flutter-io.cn"
    source: hosted
    version: "2.0.3"
  flutter_localizations:
    dependency: "direct main"
    description: flutter
    source: sdk
    version: "0.0.0"
  flutter_plugin_android_lifecycle:
    dependency: transitive
    description:
      name: flutter_plugin_android_lifecycle
      sha256: b068ffc46f82a55844acfa4fdbb61fad72fa2aef0905548419d97f0f95c456da
      url: "https://pub.flutter-io.cn"
    source: hosted
    version: "2.0.17"
  flutter_secure_storage:
    dependency: "direct main"
    description:
      name: flutter_secure_storage
      sha256: ffdbb60130e4665d2af814a0267c481bcf522c41ae2e43caf69fa0146876d685
      url: "https://pub.flutter-io.cn"
    source: hosted
    version: "9.0.0"
  flutter_secure_storage_linux:
    dependency: transitive
    description:
      name: flutter_secure_storage_linux
      sha256: "3d5032e314774ee0e1a7d0a9f5e2793486f0dff2dd9ef5a23f4e3fb2a0ae6a9e"
      url: "https://pub.flutter-io.cn"
    source: hosted
    version: "1.2.0"
  flutter_secure_storage_macos:
    dependency: transitive
    description:
      name: flutter_secure_storage_macos
      sha256: bd33935b4b628abd0b86c8ca20655c5b36275c3a3f5194769a7b3f37c905369c
      url: "https://pub.flutter-io.cn"
    source: hosted
    version: "3.0.1"
  flutter_secure_storage_platform_interface:
    dependency: transitive
    description:
      name: flutter_secure_storage_platform_interface
      sha256: "0d4d3a5dd4db28c96ae414d7ba3b8422fd735a8255642774803b2532c9a61d7e"
      url: "https://pub.flutter-io.cn"
    source: hosted
    version: "1.0.2"
  flutter_secure_storage_web:
    dependency: transitive
    description:
      name: flutter_secure_storage_web
      sha256: "30f84f102df9dcdaa2241866a958c2ec976902ebdaa8883fbfe525f1f2f3cf20"
      url: "https://pub.flutter-io.cn"
    source: hosted
    version: "1.1.2"
  flutter_secure_storage_windows:
    dependency: transitive
    description:
      name: flutter_secure_storage_windows
      sha256: "5809c66f9dd3b4b93b0a6e2e8561539405322ee767ac2f64d084e2ab5429d108"
      url: "https://pub.flutter-io.cn"
    source: hosted
    version: "3.0.0"
  flutter_smart_dialog:
    dependency: "direct main"
    description:
      name: flutter_smart_dialog
      sha256: e9ee69eeac16165d142f1974b4db05ca9846cffafb7c94674a38ec07d7e6cda1
      url: "https://pub.flutter-io.cn"
    source: hosted
    version: "4.9.6"
  flutter_test:
    dependency: "direct dev"
    description: flutter
    source: sdk
    version: "0.0.0"
  flutter_volume_controller:
    dependency: "direct main"
    description:
      name: flutter_volume_controller
      sha256: "0f10cc759499cb6c3e152a8f6ff8e5ce385b99db7e1f586d1a29d8e6c11f4082"
      url: "https://pub.flutter-io.cn"
    source: hosted
    version: "1.3.1"
  flutter_web_plugins:
    dependency: transitive
    description: flutter
    source: sdk
    version: "0.0.0"
  get:
    dependency: "direct main"
    description:
      name: get
      sha256: e4e7335ede17452b391ed3b2ede016545706c01a02292a6c97619705e7d2a85e
      url: "https://pub.flutter-io.cn"
    source: hosted
    version: "4.6.6"
  get_storage:
    dependency: "direct main"
    description:
      name: get_storage
      sha256: "39db1fffe779d0c22b3a744376e86febe4ade43bf65e06eab5af707dc84185a2"
      url: "https://pub.flutter-io.cn"
    source: hosted
    version: "2.1.1"
  highlight:
    dependency: transitive
    description:
      name: highlight
      sha256: "5353a83ffe3e3eca7df0abfb72dcf3fa66cc56b953728e7113ad4ad88497cf21"
      url: "https://pub.flutter-io.cn"
    source: hosted
    version: "0.7.0"
  http:
    dependency: transitive
    description:
      name: http
      sha256: a2bbf9d017fcced29139daa8ed2bba4ece450ab222871df93ca9eec6f80c34ba
      url: "https://pub.flutter-io.cn"
    source: hosted
    version: "1.2.0"
  http_parser:
    dependency: transitive
    description:
      name: http_parser
      sha256: "2aa08ce0341cc9b354a498388e30986515406668dbcc4f7c950c3e715496693b"
      url: "https://pub.flutter-io.cn"
    source: hosted
    version: "4.0.2"
  image:
    dependency: transitive
    description:
      name: image
      sha256: "004a2e90ce080f8627b5a04aecb4cdfac87d2c3f3b520aa291260be5a32c033d"
      url: "https://pub.flutter-io.cn"
    source: hosted
    version: "4.1.4"
  intl:
    dependency: "direct main"
    description:
      name: intl
      sha256: "3bc132a9dbce73a7e4a21a17d06e1878839ffbf975568bc875c60537824b0c4d"
      url: "https://pub.flutter-io.cn"
    source: hosted
    version: "0.18.1"
  js:
    dependency: transitive
    description:
      name: js
      sha256: f2c445dce49627136094980615a031419f7f3eb393237e4ecd97ac15dea343f3
      url: "https://pub.flutter-io.cn"
    source: hosted
    version: "0.6.7"
  json2yaml:
    dependency: transitive
    description:
      name: json2yaml
      sha256: da94630fbc56079426fdd167ae58373286f603371075b69bf46d848d63ba3e51
      url: "https://pub.flutter-io.cn"
    source: hosted
    version: "3.0.1"
  json_annotation:
    dependency: transitive
    description:
      name: json_annotation
      sha256: b10a7b2ff83d83c777edba3c6a0f97045ddadd56c944e1a23a3fdf43a1bf4467
      url: "https://pub.flutter-io.cn"
    source: hosted
    version: "4.8.1"
  lints:
    dependency: transitive
    description:
      name: lints
      sha256: "0a217c6c989d21039f1498c3ed9f3ed71b354e69873f13a8dfc3c9fe76f1b452"
      url: "https://pub.flutter-io.cn"
    source: hosted
    version: "2.1.1"
  logger:
    dependency: "direct main"
    description:
      name: logger
      sha256: "6bbb9d6f7056729537a4309bda2e74e18e5d9f14302489cc1e93f33b3fe32cac"
      url: "https://pub.flutter-io.cn"
    source: hosted
    version: "2.0.2+1"
  markdown:
    dependency: transitive
    description:
      name: markdown
      sha256: "1b134d9f8ff2da15cb298efe6cd8b7d2a78958c1b00384ebcbdf13fe340a6c90"
      url: "https://pub.flutter-io.cn"
    source: hosted
    version: "7.2.1"
  markdown_widget:
    dependency: "direct main"
    description:
      name: markdown_widget
      sha256: "4ac442aa4debbcf16c4030e1313167f18e0fa29f4d7b6f2ff23405d6d7689f6f"
      url: "https://pub.flutter-io.cn"
    source: hosted
    version: "2.3.2+3"
  matcher:
    dependency: transitive
    description:
      name: matcher
      sha256: "1803e76e6653768d64ed8ff2e1e67bea3ad4b923eb5c56a295c3e634bad5960e"
      url: "https://pub.flutter-io.cn"
    source: hosted
    version: "0.12.16"
  material_color_utilities:
    dependency: transitive
    description:
      name: material_color_utilities
      sha256: "9528f2f296073ff54cb9fee677df673ace1218163c3bc7628093e7eed5203d41"
      url: "https://pub.flutter-io.cn"
    source: hosted
    version: "0.5.0"
  media_kit:
    dependency: "direct main"
    description:
      name: media_kit
      sha256: "3289062540e3b8b9746e5c50d95bd78a9289826b7227e253dff806d002b9e67a"
      url: "https://pub.flutter-io.cn"
    source: hosted
    version: "1.1.10+1"
  media_kit_libs_android_video:
    dependency: transitive
    description:
      name: media_kit_libs_android_video
      sha256: "9dd8012572e4aff47516e55f2597998f0a378e3d588d0fad0ca1f11a53ae090c"
      url: "https://pub.flutter-io.cn"
    source: hosted
    version: "1.3.6"
  media_kit_libs_ios_video:
    dependency: transitive
    description:
      name: media_kit_libs_ios_video
      sha256: b5382994eb37a4564c368386c154ad70ba0cc78dacdd3fb0cd9f30db6d837991
      url: "https://pub.flutter-io.cn"
    source: hosted
    version: "1.1.4"
  media_kit_libs_linux:
    dependency: transitive
    description:
      name: media_kit_libs_linux
      sha256: e186891c31daa6bedab4d74dcdb4e8adfccc7d786bfed6ad81fe24a3b3010310
      url: "https://pub.flutter-io.cn"
    source: hosted
    version: "1.1.3"
  media_kit_libs_macos_video:
    dependency: transitive
    description:
      name: media_kit_libs_macos_video
      sha256: f26aa1452b665df288e360393758f84b911f70ffb3878032e1aabba23aa1032d
      url: "https://pub.flutter-io.cn"
    source: hosted
    version: "1.1.4"
  media_kit_libs_video:
    dependency: "direct main"
    description:
      name: media_kit_libs_video
      sha256: "3688e0c31482074578652bf038ce6301a5d21e1eda6b54fc3117ffeb4bdba067"
      url: "https://pub.flutter-io.cn"
    source: hosted
    version: "1.0.4"
  media_kit_libs_windows_video:
    dependency: transitive
    description:
      name: media_kit_libs_windows_video
      sha256: "7bace5f35d9afcc7f9b5cdadb7541d2191a66bb3fc71bfa11c1395b3360f6122"
      url: "https://pub.flutter-io.cn"
    source: hosted
    version: "1.0.9"
  media_kit_native_event_loop:
    dependency: transitive
    description:
      name: media_kit_native_event_loop
      sha256: a605cf185499d14d58935b8784955a92a4bf0ff4e19a23de3d17a9106303930e
      url: "https://pub.flutter-io.cn"
    source: hosted
    version: "1.0.8"
  media_kit_video:
    dependency: "direct main"
    description:
      name: media_kit_video
      sha256: c048d11a19e379aebbe810647636e3fc6d18374637e2ae12def4ff8a4b99a882
      url: "https://pub.flutter-io.cn"
    source: hosted
    version: "1.2.4"
  meta:
    dependency: transitive
    description:
      name: meta
      sha256: a6e590c838b18133bb482a2745ad77c5bb7715fb0451209e1a7567d416678b8e
      url: "https://pub.flutter-io.cn"
    source: hosted
    version: "1.10.0"
  mime:
    dependency: transitive
    description:
      name: mime
      sha256: "2e123074287cc9fd6c09de8336dae606d1ddb88d9ac47358826db698c176a1f2"
      url: "https://pub.flutter-io.cn"
    source: hosted
    version: "1.0.5"
  octo_image:
    dependency: transitive
    description:
      name: octo_image
      sha256: "45b40f99622f11901238e18d48f5f12ea36426d8eced9f4cbf58479c7aa2430d"
      url: "https://pub.flutter-io.cn"
    source: hosted
    version: "2.0.0"
  open_file:
    dependency: "direct main"
    description:
      name: open_file
      sha256: a5a32d44acb7c899987d0999e1e3cbb0a0f1adebbf41ac813ec6d2d8faa0af20
      url: "https://pub.flutter-io.cn"
    source: hosted
    version: "3.3.2"
  package_info_plus:
    dependency: "direct main"
    description:
      name: package_info_plus
      sha256: "88bc797f44a94814f2213db1c9bd5badebafdfb8290ca9f78d4b9ee2a3db4d79"
      url: "https://pub.flutter-io.cn"
    source: hosted
    version: "5.0.1"
  package_info_plus_platform_interface:
    dependency: transitive
    description:
      name: package_info_plus_platform_interface
      sha256: "9bc8ba46813a4cc42c66ab781470711781940780fd8beddd0c3da62506d3a6c6"
      url: "https://pub.flutter-io.cn"
    source: hosted
    version: "2.0.1"
  path:
    dependency: "direct main"
    description:
      name: path
      sha256: "8829d8a55c13fc0e37127c29fedf290c102f4e40ae94ada574091fe0ff96c917"
      url: "https://pub.flutter-io.cn"
    source: hosted
    version: "1.8.3"
  path_drawing:
    dependency: transitive
    description:
      name: path_drawing
      sha256: bbb1934c0cbb03091af082a6389ca2080345291ef07a5fa6d6e078ba8682f977
      url: "https://pub.flutter-io.cn"
    source: hosted
    version: "1.0.1"
  path_parsing:
    dependency: transitive
    description:
      name: path_parsing
      sha256: e3e67b1629e6f7e8100b367d3db6ba6af4b1f0bb80f64db18ef1fbabd2fa9ccf
      url: "https://pub.flutter-io.cn"
    source: hosted
    version: "1.0.1"
  path_provider:
    dependency: "direct main"
    description:
      name: path_provider
      sha256: b27217933eeeba8ff24845c34003b003b2b22151de3c908d0e679e8fe1aa078b
      url: "https://pub.flutter-io.cn"
    source: hosted
    version: "2.1.2"
  path_provider_android:
    dependency: transitive
    description:
      name: path_provider_android
      sha256: "477184d672607c0a3bf68fbbf601805f92ef79c82b64b4d6eb318cbca4c48668"
      url: "https://pub.flutter-io.cn"
    source: hosted
    version: "2.2.2"
  path_provider_foundation:
    dependency: transitive
    description:
      name: path_provider_foundation
      sha256: "5a7999be66e000916500be4f15a3633ebceb8302719b47b9cc49ce924125350f"
      url: "https://pub.flutter-io.cn"
    source: hosted
    version: "2.3.2"
  path_provider_linux:
    dependency: transitive
    description:
      name: path_provider_linux
      sha256: f7a1fe3a634fe7734c8d3f2766ad746ae2a2884abe22e241a8b301bf5cac3279
      url: "https://pub.flutter-io.cn"
    source: hosted
    version: "2.2.1"
  path_provider_platform_interface:
    dependency: transitive
    description:
      name: path_provider_platform_interface
      sha256: "88f5779f72ba699763fa3a3b06aa4bf6de76c8e5de842cf6f29e2e06476c2334"
      url: "https://pub.flutter-io.cn"
    source: hosted
    version: "2.1.2"
  path_provider_windows:
    dependency: transitive
    description:
      name: path_provider_windows
      sha256: "8bc9f22eee8690981c22aa7fc602f5c85b497a6fb2ceb35ee5a5e5ed85ad8170"
      url: "https://pub.flutter-io.cn"
    source: hosted
    version: "2.2.1"
  permission_handler:
    dependency: "direct main"
    description:
      name: permission_handler
      sha256: "45ff3fbcb99040fde55c528d5e3e6ca29171298a85436274d49c6201002087d6"
      url: "https://pub.flutter-io.cn"
    source: hosted
    version: "11.2.0"
  permission_handler_android:
    dependency: transitive
    description:
      name: permission_handler_android
      sha256: "758284a0976772f9c744d6384fc5dc4834aa61e3f7aa40492927f244767374eb"
      url: "https://pub.flutter-io.cn"
    source: hosted
    version: "12.0.3"
  permission_handler_apple:
    dependency: transitive
    description:
      name: permission_handler_apple
      sha256: c6bf440f80acd2a873d3d91a699e4cc770f86e7e6b576dda98759e8b92b39830
      url: "https://pub.flutter-io.cn"
    source: hosted
    version: "9.3.0"
  permission_handler_html:
    dependency: transitive
    description:
      name: permission_handler_html
      sha256: "54bf176b90f6eddd4ece307e2c06cf977fb3973719c35a93b85cc7093eb6070d"
      url: "https://pub.flutter-io.cn"
    source: hosted
    version: "0.1.1"
  permission_handler_platform_interface:
    dependency: transitive
    description:
      name: permission_handler_platform_interface
      sha256: "5c43148f2bfb6d14c5a8162c0a712afe891f2d847f35fcff29c406b37da43c3c"
      url: "https://pub.flutter-io.cn"
    source: hosted
    version: "4.1.0"
  permission_handler_windows:
    dependency: transitive
    description:
      name: permission_handler_windows
      sha256: "1a790728016f79a41216d88672dbc5df30e686e811ad4e698bfc51f76ad91f1e"
      url: "https://pub.flutter-io.cn"
    source: hosted
    version: "0.2.1"
  petitparser:
    dependency: transitive
    description:
      name: petitparser
      sha256: c15605cd28af66339f8eb6fbe0e541bfe2d1b72d5825efc6598f3e0a31b9ad27
      url: "https://pub.flutter-io.cn"
    source: hosted
    version: "6.0.2"
  photo_view:
    dependency: "direct main"
    description:
      name: photo_view
      sha256: "8036802a00bae2a78fc197af8a158e3e2f7b500561ed23b4c458107685e645bb"
      url: "https://pub.flutter-io.cn"
    source: hosted
    version: "0.14.0"
  platform:
    dependency: transitive
    description:
      name: platform
      sha256: "12220bb4b65720483f8fa9450b4332347737cf8213dd2840d8b2c823e47243ec"
      url: "https://pub.flutter-io.cn"
    source: hosted
    version: "3.1.4"
  plugin_platform_interface:
    dependency: transitive
    description:
      name: plugin_platform_interface
      sha256: "4820fbfdb9478b1ebae27888254d445073732dae3d6ea81f0b7e06d5dedc3f02"
      url: "https://pub.flutter-io.cn"
    source: hosted
    version: "2.1.8"
  pointycastle:
    dependency: transitive
    description:
      name: pointycastle
      sha256: "43ac87de6e10afabc85c445745a7b799e04de84cebaa4fd7bf55a5e1e9604d29"
      url: "https://pub.flutter-io.cn"
    source: hosted
    version: "3.7.4"
  queue:
    dependency: "direct main"
    description:
      name: queue
      sha256: "9a41ecadc15db79010108c06eae229a45c56b18db699760f34e8c9ac9b831ff9"
      url: "https://pub.flutter-io.cn"
    source: hosted
    version: "3.1.0+2"
  rxdart:
    dependency: transitive
    description:
      name: rxdart
      sha256: "0c7c0cedd93788d996e33041ffecda924cc54389199cde4e6a34b440f50044cb"
      url: "https://pub.flutter-io.cn"
    source: hosted
    version: "0.27.7"
  safe_local_storage:
    dependency: transitive
    description:
      name: safe_local_storage
      sha256: ede4eb6cb7d88a116b3d3bf1df70790b9e2038bc37cb19112e381217c74d9440
      url: "https://pub.flutter-io.cn"
    source: hosted
    version: "1.0.2"
  screen_brightness:
    dependency: "direct main"
    description:
      name: screen_brightness
      sha256: ed8da4a4511e79422fc1aa88138e920e4008cd312b72cdaa15ccb426c0faaedd
      url: "https://pub.flutter-io.cn"
    source: hosted
    version: "0.2.2+1"
  screen_brightness_android:
    dependency: transitive
    description:
      name: screen_brightness_android
      sha256: "3df10961e3a9e968a5e076fe27e7f4741fa8a1d3950bdeb48cf121ed529d0caf"
      url: "https://pub.flutter-io.cn"
    source: hosted
    version: "0.1.0+2"
  screen_brightness_ios:
    dependency: transitive
    description:
      name: screen_brightness_ios
      sha256: "99adc3ca5490b8294284aad5fcc87f061ad685050e03cf45d3d018fe398fd9a2"
      url: "https://pub.flutter-io.cn"
    source: hosted
    version: "0.1.0"
  screen_brightness_macos:
    dependency: transitive
    description:
      name: screen_brightness_macos
      sha256: "64b34e7e3f4900d7687c8e8fb514246845a73ecec05ab53483ed025bd4a899fd"
      url: "https://pub.flutter-io.cn"
    source: hosted
    version: "0.1.0+1"
  screen_brightness_platform_interface:
    dependency: transitive
    description:
      name: screen_brightness_platform_interface
      sha256: b211d07f0c96637a15fb06f6168617e18030d5d74ad03795dd8547a52717c171
      url: "https://pub.flutter-io.cn"
    source: hosted
    version: "0.1.0"
  screen_brightness_windows:
    dependency: transitive
    description:
      name: screen_brightness_windows
      sha256: "9261bf33d0fc2707d8cf16339ce25768100a65e70af0fcabaf032fc12408ba86"
      url: "https://pub.flutter-io.cn"
    source: hosted
    version: "0.1.3"
  scroll_to_index:
    dependency: transitive
    description:
      name: scroll_to_index
      sha256: b707546e7500d9f070d63e5acf74fd437ec7eeeb68d3412ef7b0afada0b4f176
      url: "https://pub.flutter-io.cn"
    source: hosted
    version: "3.0.1"
  share_plus:
    dependency: "direct main"
    description:
      name: share_plus
      sha256: f74fc3f1cbd99f39760182e176802f693fa0ec9625c045561cfad54681ea93dd
      url: "https://pub.flutter-io.cn"
    source: hosted
    version: "7.2.1"
  share_plus_platform_interface:
    dependency: transitive
    description:
      name: share_plus_platform_interface
      sha256: df08bc3a07d01f5ea47b45d03ffcba1fa9cd5370fb44b3f38c70e42cced0f956
      url: "https://pub.flutter-io.cn"
    source: hosted
    version: "3.3.1"
  sky_engine:
    dependency: transitive
    description: flutter
    source: sdk
    version: "0.0.99"
  slang:
    dependency: "direct main"
    description:
      name: slang
      sha256: "95dee03eb3fd1b36c99f365d4eace270a0d83c6148f8e7d1057806ef60cfaf12"
      url: "https://pub.flutter-io.cn"
    source: hosted
    version: "3.29.0"
  slang_flutter:
    dependency: "direct main"
    description:
      name: slang_flutter
      sha256: "34c7cf297c608e24d3957a29e75c6790f4dbbfb1a4783d261a6c1e33ede7ad0f"
      url: "https://pub.flutter-io.cn"
    source: hosted
    version: "3.29.0"
  source_span:
    dependency: transitive
    description:
      name: source_span
      sha256: "53e943d4206a5e30df338fd4c6e7a077e02254531b138a15aec3bd143c1a8b3c"
      url: "https://pub.flutter-io.cn"
    source: hosted
    version: "1.10.0"
  sprintf:
    dependency: transitive
    description:
      name: sprintf
      sha256: "1fc9ffe69d4df602376b52949af107d8f5703b77cda567c4d7d86a0693120f23"
      url: "https://pub.flutter-io.cn"
    source: hosted
    version: "7.0.0"
  sqflite:
    dependency: transitive
    description:
      name: sqflite
      sha256: c2c32eb0c74021d987336522acc3b6bf0082fbd0c540c36a9cf4ddb8ba891ddc
      url: "https://pub.flutter-io.cn"
    source: hosted
    version: "2.3.1"
  sqflite_common:
    dependency: transitive
    description:
      name: sqflite_common
      sha256: "28d8c66baee4968519fb8bd6cdbedad982d6e53359091f0b74544a9f32ec72d5"
      url: "https://pub.flutter-io.cn"
    source: hosted
    version: "2.5.3"
  stack_trace:
    dependency: transitive
    description:
      name: stack_trace
      sha256: "73713990125a6d93122541237550ee3352a2d84baad52d375a4cad2eb9b7ce0b"
      url: "https://pub.flutter-io.cn"
    source: hosted
    version: "1.11.1"
  status_bar_control:
    dependency: "direct main"
    description:
      name: status_bar_control
      sha256: "7f2c1f3f7fd13b85ed284eb7ca3f74ceb8dcfdd25636d3a84186d0a687d36693"
      url: "https://pub.flutter-io.cn"
    source: hosted
    version: "3.2.1"
  stream_channel:
    dependency: transitive
    description:
      name: stream_channel
      sha256: ba2aa5d8cc609d96bbb2899c28934f9e1af5cddbd60a827822ea467161eb54e7
      url: "https://pub.flutter-io.cn"
    source: hosted
    version: "2.1.2"
  string_scanner:
    dependency: transitive
    description:
      name: string_scanner
      sha256: "556692adab6cfa87322a115640c11f13cb77b3f076ddcc5d6ae3c20242bedcde"
      url: "https://pub.flutter-io.cn"
    source: hosted
    version: "1.2.0"
  synchronized:
    dependency: transitive
    description:
      name: synchronized
      sha256: "539ef412b170d65ecdafd780f924e5be3f60032a1128df156adad6c5b373d558"
      url: "https://pub.flutter-io.cn"
    source: hosted
    version: "3.1.0+1"
  term_glyph:
    dependency: transitive
    description:
      name: term_glyph
      sha256: a29248a84fbb7c79282b40b8c72a1209db169a2e0542bce341da992fe1bc7e84
      url: "https://pub.flutter-io.cn"
    source: hosted
    version: "1.2.1"
  test_api:
    dependency: transitive
    description:
      name: test_api
      sha256: "5c2f730018264d276c20e4f1503fd1308dfbbae39ec8ee63c5236311ac06954b"
      url: "https://pub.flutter-io.cn"
    source: hosted
    version: "0.6.1"
  typed_data:
    dependency: transitive
    description:
      name: typed_data
      sha256: facc8d6582f16042dd49f2463ff1bd6e2c9ef9f3d5da3d9b087e244a7b564b3c
      url: "https://pub.flutter-io.cn"
    source: hosted
    version: "1.3.2"
  universal_platform:
    dependency: transitive
    description:
      name: universal_platform
      sha256: d315be0f6641898b280ffa34e2ddb14f3d12b1a37882557869646e0cc363d0cc
      url: "https://pub.flutter-io.cn"
    source: hosted
    version: "1.0.0+1"
  uri_parser:
    dependency: transitive
    description:
      name: uri_parser
      sha256: "6543c9fd86d2862fac55d800a43e67c0dcd1a41677cb69c2f8edfe73bbcf1835"
      url: "https://pub.flutter-io.cn"
    source: hosted
    version: "2.0.2"
  url_launcher:
    dependency: "direct main"
    description:
      name: url_launcher
      sha256: c512655380d241a337521703af62d2c122bf7b77a46ff7dd750092aa9433499c
      url: "https://pub.flutter-io.cn"
    source: hosted
    version: "6.2.4"
  url_launcher_android:
    dependency: transitive
    description:
      name: url_launcher_android
      sha256: "507dc655b1d9cb5ebc756032eb785f114e415f91557b73bf60b7e201dfedeb2f"
      url: "https://pub.flutter-io.cn"
    source: hosted
    version: "6.2.2"
  url_launcher_ios:
    dependency: transitive
    description:
      name: url_launcher_ios
      sha256: "75bb6fe3f60070407704282a2d295630cab232991eb52542b18347a8a941df03"
      url: "https://pub.flutter-io.cn"
    source: hosted
    version: "6.2.4"
  url_launcher_linux:
    dependency: transitive
    description:
      name: url_launcher_linux
      sha256: ab360eb661f8879369acac07b6bb3ff09d9471155357da8443fd5d3cf7363811
      url: "https://pub.flutter-io.cn"
    source: hosted
    version: "3.1.1"
  url_launcher_macos:
    dependency: transitive
    description:
      name: url_launcher_macos
      sha256: b7244901ea3cf489c5335bdacda07264a6e960b1c1b1a9f91e4bc371d9e68234
      url: "https://pub.flutter-io.cn"
    source: hosted
    version: "3.1.0"
  url_launcher_platform_interface:
    dependency: transitive
    description:
      name: url_launcher_platform_interface
      sha256: a932c3a8082e118f80a475ce692fde89dc20fddb24c57360b96bc56f7035de1f
      url: "https://pub.flutter-io.cn"
    source: hosted
    version: "2.3.1"
  url_launcher_web:
    dependency: transitive
    description:
      name: url_launcher_web
      sha256: fff0932192afeedf63cdd50ecbb1bc825d31aed259f02bb8dba0f3b729a5e88b
      url: "https://pub.flutter-io.cn"
    source: hosted
    version: "2.2.3"
  url_launcher_windows:
    dependency: transitive
    description:
      name: url_launcher_windows
      sha256: ecf9725510600aa2bb6d7ddabe16357691b6d2805f66216a97d1b881e21beff7
      url: "https://pub.flutter-io.cn"
    source: hosted
    version: "3.1.1"
  uuid:
    dependency: transitive
    description:
      name: uuid
      sha256: cd210a09f7c18cbe5a02511718e0334de6559871052c90a90c0cca46a4aa81c8
      url: "https://pub.flutter-io.cn"
    source: hosted
    version: "4.3.3"
  vector_math:
    dependency: transitive
    description:
      name: vector_math
      sha256: "80b3257d1492ce4d091729e3a67a60407d227c27241d6927be0130c98e741803"
      url: "https://pub.flutter-io.cn"
    source: hosted
    version: "2.1.4"
  visibility_detector:
    dependency: transitive
    description:
      name: visibility_detector
      sha256: dd5cc11e13494f432d15939c3aa8ae76844c42b723398643ce9addb88a5ed420
      url: "https://pub.flutter-io.cn"
    source: hosted
    version: "0.4.0+2"
  volume_controller:
    dependency: transitive
    description:
      name: volume_controller
      sha256: "189bdc7a554f476b412e4c8b2f474562b09d74bc458c23667356bce3ca1d48c9"
      url: "https://pub.flutter-io.cn"
    source: hosted
    version: "2.0.7"
  wakelock_plus:
    dependency: transitive
    description:
      name: wakelock_plus
      sha256: f268ca2116db22e57577fb99d52515a24bdc1d570f12ac18bb762361d43b043d
      url: "https://pub.flutter-io.cn"
    source: hosted
    version: "1.1.4"
  wakelock_plus_platform_interface:
    dependency: transitive
    description:
      name: wakelock_plus_platform_interface
      sha256: "40fabed5da06caff0796dc638e1f07ee395fb18801fbff3255a2372db2d80385"
      url: "https://pub.flutter-io.cn"
    source: hosted
    version: "1.1.0"
  watcher:
    dependency: transitive
    description:
      name: watcher
      sha256: "3d2ad6751b3c16cf07c7fca317a1413b3f26530319181b37e3b9039b84fc01d8"
      url: "https://pub.flutter-io.cn"
    source: hosted
    version: "1.1.0"
  web:
    dependency: transitive
    description:
      name: web
      sha256: afe077240a270dcfd2aafe77602b4113645af95d0ad31128cc02bce5ac5d5152
      url: "https://pub.flutter-io.cn"
    source: hosted
    version: "0.3.0"
  win32:
    dependency: transitive
    description:
      name: win32
      sha256: "464f5674532865248444b4c3daca12bd9bf2d7c47f759ce2617986e7229494a8"
      url: "https://pub.flutter-io.cn"
    source: hosted
    version: "5.2.0"
  win32_registry:
    dependency: transitive
    description:
      name: win32_registry
      sha256: "41fd8a189940d8696b1b810efb9abcf60827b6cbfab90b0c43e8439e3a39d85a"
      url: "https://pub.flutter-io.cn"
    source: hosted
    version: "1.1.2"
  xdg_directories:
    dependency: transitive
    description:
      name: xdg_directories
      sha256: faea9dee56b520b55a566385b84f2e8de55e7496104adada9962e0bd11bcff1d
      url: "https://pub.flutter-io.cn"
    source: hosted
    version: "1.0.4"
  xml:
    dependency: transitive
    description:
      name: xml
      sha256: b015a8ad1c488f66851d762d3090a21c600e479dc75e68328c52774040cf9226
      url: "https://pub.flutter-io.cn"
    source: hosted
    version: "6.5.0"
  yaml:
    dependency: transitive
    description:
      name: yaml
      sha256: "75769501ea3489fca56601ff33454fe45507ea3bfb014161abc3b43ae25989d5"
      url: "https://pub.flutter-io.cn"
    source: hosted
    version: "3.1.2"
sdks:
  dart: ">=3.2.0 <4.0.0"
  flutter: ">=3.16.0"
